
Microsoft Visual Studio Solution File, Format Version 12.00
# Visual Studio Version 16
VisualStudioVersion = 16.0.29418.71
MinimumVisualStudioVersion = 10.0.40219.1
Project("{8BC9CEB8-8B4A-11D0-8D11-00A0C91BC942}") = "save_my_flag", "save_my_flag\save_my_flag.vcxproj", "{0A05867C-2982-4099-A3BD-AE30610340F1}"
EndProject
Global
	GlobalSection(SolutionConfigurationPlatforms) = preSolution
		Debug|x64 = Debug|x64
		Debug|x86 = Debug|x86
		Release|x64 = Release|x64
		Release|x86 = Release|x86
	EndGlobalSection
	GlobalSection(ProjectConfigurationPlatforms) = postSolution
		{0A05867C-2982-4099-A3BD-AE30610340F1}.Debug|x64.ActiveCfg = Debug|x64
		{0A05867C-2982-4099-A3BD-AE30610340F1}.Debug|x64.Build.0 = Debug|x64
		{0A05867C-2982-4099-A3BD-AE30610340F1}.Debug|x86.ActiveCfg = Debug|Win32
		{0A05867C-2982-4099-A3BD-AE30610340F1}.Debug|x86.Build.0 = Debug|Win32
		{0A05867C-2982-4099-A3BD-AE30610340F1}.Release|x64.ActiveCfg = Release|x64
		{0A05867C-2982-4099-A3BD-AE30610340F1}.Release|x64.Build.0 = Release|x64
		{0A05867C-2982-4099-A3BD-AE30610340F1}.Release|x86.ActiveCfg = Release|Win32
		{0A05867C-2982-4099-A3BD-AE30610340F1}.Release|x86.Build.0 = Release|Win32
	EndGlobalSection
	GlobalSection(SolutionProperties) = preSolution
		HideSolutionNode = FALSE
	EndGlobalSection
	GlobalSection(ExtensibilityGlobals) = postSolution
		SolutionGuid = {C66EA7C7-47A7-4B60-9320-E9AC5926600E}
	EndGlobalSection
EndGlobal
