<?xml version="1.0" encoding="utf-8"?>
<Project ToolsVersion="4.0" xmlns="http://schemas.microsoft.com/developer/msbuild/2003">
  <ItemGroup>
    <ClCompile Include="brick_drop.cpp">
      <Filter>소스파일\object\tile</Filter>
    </ClCompile>
    <ClCompile Include="brick_normal.cpp">
      <Filter>소스파일\object\tile</Filter>
    </ClCompile>
    <ClCompile Include="damage_tile.cpp">
      <Filter>소스파일\object\tile</Filter>
    </ClCompile>
    <ClCompile Include="cheat.cpp">
      <Filter>소스파일\other</Filter>
    </ClCompile>
    <ClCompile Include="data_manager.cpp">
      <Filter>소스파일\Manager</Filter>
    </ClCompile>
    <ClCompile Include="Fading.cpp">
      <Filter>소스파일\page</Filter>
    </ClCompile>
    <ClCompile Include="first_game_page.cpp">
      <Filter>소스파일\page</Filter>
    </ClCompile>
    <ClCompile Include="game_over.cpp">
      <Filter>소스파일\popup</Filter>
    </ClCompile>
    <ClCompile Include="gold.cpp">
      <Filter>소스파일\object</Filter>
    </ClCompile>
    <ClCompile Include="texture_manager.cpp">
      <Filter>소스파일\Manager</Filter>
    </ClCompile>
    <ClCompile Include="title_page.cpp">
      <Filter>소스파일\page</Filter>
    </ClCompile>
    <ClCompile Include="save_my_flag.cpp">
      <Filter>소스파일</Filter>
    </ClCompile>
    <ClCompile Include="page_manager.cpp">
      <Filter>소스파일\Manager</Filter>
    </ClCompile>
    <ClCompile Include="enemy_a.cpp">
      <Filter>소스파일\object\enemy</Filter>
    </ClCompile>
    <ClCompile Include="palyer.cpp">
      <Filter>소스파일\object</Filter>
    </ClCompile>
    <ClCompile Include="math_util.cpp">
      <Filter>소스파일\other</Filter>
    </ClCompile>
    <ClCompile Include="game_system.cpp">
      <Filter>소스파일\Manager</Filter>
    </ClCompile>
    <ClCompile Include="cloud_a.cpp">
      <Filter>소스파일\object\cloud</Filter>
    </ClCompile>
  </ItemGroup>
  <ItemGroup>
    <ClInclude Include="targetver.h">
      <Filter>헤더 파일\not use</Filter>
    </ClInclude>
    <ClInclude Include="Resource.h">
      <Filter>헤더 파일\not use</Filter>
    </ClInclude>
    <ClInclude Include="brick_drop.h">
      <Filter>헤더 파일\object\tile</Filter>
    </ClInclude>
    <ClInclude Include="brick_normal.h">
      <Filter>헤더 파일\object\tile</Filter>
    </ClInclude>
    <ClInclude Include="cheat.h">
      <Filter>헤더 파일\other</Filter>
    </ClInclude>
    <ClInclude Include="damage_tile.h">
      <Filter>헤더 파일\object\tile</Filter>
    </ClInclude>
    <ClInclude Include="data_manager.h">
      <Filter>헤더 파일\manager</Filter>
    </ClInclude>
    <ClInclude Include="enemy.h">
      <Filter>헤더 파일\object\enemy</Filter>
    </ClInclude>
    <ClInclude Include="enemy_a.h">
      <Filter>헤더 파일\object\enemy</Filter>
    </ClInclude>
    <ClInclude Include="first_game_page.h">
      <Filter>헤더 파일\page</Filter>
    </ClInclude>
    <ClInclude Include="framework.h">
      <Filter>헤더 파일\not use</Filter>
    </ClInclude>
    <ClInclude Include="game_over.h">
      <Filter>헤더 파일\page</Filter>
    </ClInclude>
    <ClInclude Include="Fading.h">
      <Filter>헤더 파일\page\popup</Filter>
    </ClInclude>
    <ClInclude Include="game_system.h">
      <Filter>헤더 파일\manager</Filter>
    </ClInclude>
    <ClInclude Include="global.h">
      <Filter>헤더 파일\other</Filter>
    </ClInclude>
    <ClInclude Include="gold.h">
      <Filter>헤더 파일\object</Filter>
    </ClInclude>
    <ClInclude Include="input_manager.h">
      <Filter>헤더 파일\manager</Filter>
    </ClInclude>
    <ClInclude Include="math_util.h">
      <Filter>헤더 파일\other</Filter>
    </ClInclude>
    <ClInclude Include="page.h">
      <Filter>헤더 파일\page</Filter>
    </ClInclude>
    <ClInclude Include="page_manager.h">
      <Filter>헤더 파일\manager</Filter>
    </ClInclude>
    <ClInclude Include="player.h">
      <Filter>헤더 파일\object</Filter>
    </ClInclude>
    <ClInclude Include="save_my_flag.h">
      <Filter>헤더 파일\not use</Filter>
    </ClInclude>
    <ClInclude Include="texture_manager.h">
      <Filter>헤더 파일\manager</Filter>
    </ClInclude>
    <ClInclude Include="tile.h">
      <Filter>헤더 파일\object\tile</Filter>
    </ClInclude>
    <ClInclude Include="title_page.h">
      <Filter>헤더 파일\object\tile</Filter>
    </ClInclude>
    <ClInclude Include="cloud_a.h">
      <Filter>헤더 파일\object\cloud</Filter>
    </ClInclude>
    <ClInclude Include="cloud.h">
      <Filter>헤더 파일\object\cloud</Filter>
    </ClInclude>
  </ItemGroup>
  <ItemGroup>
    <Image Include="save_my_flag.ico">
      <Filter>헤더 파일\not use</Filter>
    </Image>
    <Image Include="small.ico">
      <Filter>헤더 파일\not use</Filter>
    </Image>
  </ItemGroup>
  <ItemGroup>
    <Filter Include="소스파일">
      <UniqueIdentifier>{55479837-e7cf-4cef-89ef-6c0aa2f62224}</UniqueIdentifier>
    </Filter>
    <Filter Include="소스파일\Manager">
      <UniqueIdentifier>{dea7f759-c8c6-42af-968d-c8e8e536fd63}</UniqueIdentifier>
    </Filter>
    <Filter Include="소스파일\object">
      <UniqueIdentifier>{648a17ea-552f-43bd-9c27-5542c870b546}</UniqueIdentifier>
    </Filter>
    <Filter Include="소스파일\other">
      <UniqueIdentifier>{2a2f0c87-5799-4946-af3e-c57bf612d4df}</UniqueIdentifier>
    </Filter>
    <Filter Include="소스파일\page">
      <UniqueIdentifier>{49cf361e-ac14-41fc-86a9-edc69a0becaa}</UniqueIdentifier>
    </Filter>
    <Filter Include="소스파일\popup">
      <UniqueIdentifier>{92b65b61-1a95-4432-ae75-795e005c9a07}</UniqueIdentifier>
    </Filter>
    <Filter Include="소스파일\object\tile">
      <UniqueIdentifier>{37fe494b-bead-4e37-8a4f-a0868f29a6a5}</UniqueIdentifier>
    </Filter>
    <Filter Include="소스파일\object\enemy">
      <UniqueIdentifier>{bdd15bd2-e9ab-4399-adf9-f47551a09231}</UniqueIdentifier>
    </Filter>
    <Filter Include="헤더 파일">
      <UniqueIdentifier>{1e4f657b-bfab-4fba-8878-3a8589fb531f}</UniqueIdentifier>
    </Filter>
    <Filter Include="헤더 파일\not use">
      <UniqueIdentifier>{dd7ac4b8-ed4f-4941-a83b-2396c7744987}</UniqueIdentifier>
    </Filter>
    <Filter Include="헤더 파일\page">
      <UniqueIdentifier>{bfa50474-8b61-46d0-a533-36af752303fd}</UniqueIdentifier>
    </Filter>
    <Filter Include="헤더 파일\object">
      <UniqueIdentifier>{d103a640-aada-4fda-8393-be72af235fc0}</UniqueIdentifier>
    </Filter>
    <Filter Include="헤더 파일\object\tile">
      <UniqueIdentifier>{f1a60070-2df0-45b3-ac5e-820c662ca76f}</UniqueIdentifier>
    </Filter>
    <Filter Include="헤더 파일\object\enemy">
      <UniqueIdentifier>{62fefb0d-2449-4ce1-a0b4-c5d825d9fd75}</UniqueIdentifier>
    </Filter>
    <Filter Include="헤더 파일\other">
      <UniqueIdentifier>{0767b25c-4b9c-4e3a-ad58-2b3a8627ed2b}</UniqueIdentifier>
    </Filter>
    <Filter Include="헤더 파일\manager">
      <UniqueIdentifier>{6ef9778c-0e6f-44bf-a54e-31625994816b}</UniqueIdentifier>
    </Filter>
    <Filter Include="헤더 파일\page\popup">
      <UniqueIdentifier>{20737562-0228-4165-aba4-2d9e12786872}</UniqueIdentifier>
    </Filter>
    <Filter Include="헤더 파일\object\cloud">
      <UniqueIdentifier>{e1e5231a-4b56-4b3d-a44b-b23119b3c5d9}</UniqueIdentifier>
    </Filter>
    <Filter Include="소스파일\object\cloud">
      <UniqueIdentifier>{b67d1da9-0e50-40af-8fc8-564609d6fde5}</UniqueIdentifier>
    </Filter>
  </ItemGroup>
  <ItemGroup>
    <ResourceCompile Include="save_my_flag.rc">
      <Filter>헤더 파일\not use</Filter>
    </ResourceCompile>
  </ItemGroup>
</Project>